// !$*UTF8*$!
{
	archiveVersion = 1;
	classes = {
	};
	objectVersion = 77;
	objects = {

/* Begin PBXContainerItemProxy section */
		B5A0482E2FC9D5C200C61847 /* PBXContainerItemProxy */ = {
			isa = PBXContainerItemProxy;
			containerPortal = B5A048162FC9D5C000C61847 /* Project object */;
			proxyType = 1;
			remoteGlobalIDString = B5A0481D2FC9D5C000C61847;
			remoteInfo = "Snap&Shop";
		};
		B5A048382FC9D5C200C61847 /* PBXContainerItemProxy */ = {
			isa = PBXContainerItemProxy;
			containerPortal = B5A048162FC9D5C000C61847 /* Project object */;
			proxyType = 1;
			remoteGlobalIDString = B5A0481D2FC9D5C000C61847;
			remoteInfo = "Snap&Shop";
		};
/* End PBXContainerItemProxy section */

/* Begin PBXFileReference section */
		B5A0481E2FC9D5C000C61847 /* Snap&Shop.app */ = {isa = PBXFileReference; explicitFileType = wrapper.application; includeInIndex = 0; path = "Snap&Shop.app"; sourceTree = BUILT_PRODUCTS_DIR; };
		B5A0482D2FC9D5C200C61847 /* Snap&ShopTests.xctest */ = {isa = PBXFileReference; explicitFileType = wrapper.cfbundle; includeInIndex = 0; path = "Snap&ShopTests.xctest"; sourceTree = BUILT_PRODUCTS_DIR; };
		B5A048372FC9D5C200C61847 /* Snap&ShopUITests.xctest */ = {isa = PBXFileReference; explicitFileType = wrapper.cfbundle; includeInIndex = 0; path = "Snap&ShopUITests.xctest"; sourceTree = BUILT_PRODUCTS_DIR; };
/* End PBXFileReference section */

/* Begin PBXFileSystemSynchronizedBuildFileExceptionSet section */
		B57D87F22FEECB360007BBC8 /* Exceptions for "Snap&Shop" folder in "Snap&Shop" target */ = {
			isa = PBXFileSystemSynchronizedBuildFileExceptionSet;
			membershipExceptions = (
				"Snap-Shop-Info.plist",
			);
			target = B5A0481D2FC9D5C000C61847 /* Snap&Shop */;
		};
/* End PBXFileSystemSynchronizedBuildFileExceptionSet section */

/* Begin PBXFileSystemSynchronizedRootGroup section */
		B5A048202FC9D5C000C61847 /* Snap&Shop */ = {
			isa = PBXFileSystemSynchronizedRootGroup;
			exceptions = (
				B57D87F22FEECB360007BBC8 /* Exceptions for "Snap&Shop" folder in "Snap&Shop" target */,
			);
			path = "Snap&Shop";
			sourceTree = "<group>";
		};
		B5A048302FC9D5C200C61847 /* Snap&ShopTests */ = {
			isa = PBXFileSystemSynchronizedRootGroup;
			path = "Snap&ShopTests";
			sourceTree = "<group>";
		};
		B5A0483A2FC9D5C200C61847 /* Snap&ShopUITests */ = {
			isa = PBXFileSystemSynchronizedRootGroup;
			path = "Snap&ShopUITests";
			sourceTree = "<group>";
		};
/* End PBXFileSystemSynchronizedRootGroup section */

/* Begin PBXFrameworksBuildPhase section */
		B5A0481B2FC9D5C000C61847 /* Frameworks */ = {
			isa = PBXFrameworksBuildPhase;
			buildActionMask = 2147483647;
			files = (
			);
			runOnlyForDeploymentPostprocessing = 0;
		};
		B5A0482A2FC9D5C200C61847 /* Frameworks */ = {
			isa = PBXFrameworksBuildPhase;
			buildActionMask = 2147483647;
			files = (
			);
			runOnlyForDeploymentPostprocessing = 0;
		};
		B5A048342FC9D5C200C61847 /* Frameworks */ = {
			isa = PBXFrameworksBuildPhase;
			buildActionMask = 2147483647;
			files = (
			);
			runOnlyForDeploymentPostprocessing = 0;
		};
/* End PBXFrameworksBuildPhase section */

/* Begin PBXGroup section */
		B5A048152FC9D5C000C61847 = {
			isa = PBXGroup;
			children = (
				B5A048202FC9D5C000C61847 /* Snap&Shop */,
				B5A048302FC9D5C200C61847 /* Snap&ShopTests */,
				B5A0483A2FC9D5C200C61847 /* Snap&ShopUITests */,
				B5A0481F2FC9D5C000C61847 /* Products */,
			);
			sourceTree = "<group>";
		};
		B5A0481F2FC9D5C000C61847 /* Products */ = {
			isa = PBXGroup;
			children = (
				B5A0481E2FC9D5C000C61847 /* Snap&Shop.app */,
				B5A0482D2FC9D5C200C61847 /* Snap&ShopTests.xctest */,
				B5A048372FC9D5C200C61847 /* Snap&ShopUITests.xctest */,
			);
			name = Products;
			sourceTree = "<group>";
		};
/* End PBXGroup section */

/* Begin PBXNativeTarget section */
		B5A0481D2FC9D5C000C61847 /* Snap&Shop */ = {
			isa = PBXNativeTarget;
			buildConfigurationList = B5A048412FC9D5C200C61847 /* Build configuration list for PBXNativeTarget "Snap&Shop" */;
			buildPhases = (
				B5A0481A2FC9D5C000C61847 /* Sources */,
				B5A0481B2FC9D5C000C61847 /* Frameworks */,
				B5A0481C2FC9D5C000C61847 /* Resources */,
			);
			buildRules = (
			);
			dependencies = (
			);
			fileSystemSynchronizedGroups = (
				B5A048202FC9D5C000C61847 /* Snap&Shop */,
			);
			name = "Snap&Shop";
			packageProductDependencies = (
			);
			productName = "Snap&Shop";
			productReference = B5A0481E2FC9D5C000C61847 /* Snap&Shop.app */;
			productType = "com.apple.product-type.application";
		};
		B5A0482C2FC9D5C200C61847 /* Snap&ShopTests */ = {
			isa = PBXNativeTarget;
			buildConfigurationList = B5A048442FC9D5C200C61847 /* Build configuration list for PBXNativeTarget "Snap&ShopTests" */;
			buildPhases = (
				B5A048292FC9D5C200C61847 /* Sources */,
				B5A0482A2FC9D5C200C61847 /* Frameworks */,
				B5A0482B2FC9D5C200C61847 /* Resources */,
			);
			buildRules = (
			);
			dependencies = (
				B5A0482F2FC9D5C200C61847 /* PBXTargetDependency */,
			);
			fileSystemSynchronizedGroups = (
				B5A048302FC9D5C200C61847 /* Snap&ShopTests */,
			);
			name = "Snap&ShopTests";
			packageProductDependencies = (
			);
			productName = "Snap&ShopTests";
			productReference = B5A0482D2FC9D5C200C61847 /* Snap&ShopTests.xctest */;
			productType = "com.apple.product-type.bundle.unit-test";
		};
		B5A048362FC9D5C200C61847 /* Snap&ShopUITests */ = {
			isa = PBXNativeTarget;
			buildConfigurationList = B5A048472FC9D5C200C61847 /* Build configuration list for PBXNativeTarget "Snap&ShopUITests" */;
			buildPhases = (
				B5A048332FC9D5C200C61847 /* Sources */,
				B5A048342FC9D5C200C61847 /* Frameworks */,
				B5A048352FC9D5C200C61847 /* Resources */,
			);
			buildRules = (
			);
			dependencies = (
				B5A048392FC9D5C200C61847 /* PBXTargetDependency */,
			);
			fileSystemSynchronizedGroups = (
				B5A0483A2FC9D5C200C61847 /* Snap&ShopUITests */,
			);
			name = "Snap&ShopUITests";
			packageProductDependencies = (
			);
			productName = "Snap&ShopUITests";
			productReference = B5A048372FC9D5C200C61847 /* Snap&ShopUITests.xctest */;
			productType = "com.apple.product-type.bundle.ui-testing";
		};
/* End PBXNativeTarget section */

/* Begin PBXProject section */
		B5A048162FC9D5C000C61847 /* Project object */ = {
			isa = PBXProject;
			attributes = {
				BuildIndependentTargetsInParallel = 1;
				LastSwiftUpdateCheck = 2650;
				LastUpgradeCheck = 2650;
				TargetAttributes = {
					B5A0481D2FC9D5C000C61847 = {
						CreatedOnToolsVersion = 26.5;
					};
					B5A0482C2FC9D5C200C61847 = {
						CreatedOnToolsVersion = 26.5;
						TestTargetID = B5A0481D2FC9D5C000C61847;
					};
					B5A048362FC9D5C200C61847 = {
						CreatedOnToolsVersion = 26.5;
						TestTargetID = B5A0481D2FC9D5C000C61847;
					};
				};
			};
			buildConfigurationList = B5A048192FC9D5C000C61847 /* Build configuration list for PBXProject "Snap&Shop" */;
			developmentRegion = en;
			hasScannedForEncodings = 0;
			knownRegions = (
				en,
				Base,
			);
			mainGroup = B5A048152FC9D5C000C61847;
			minimizedProjectReferenceProxies = 1;
			preferredProjectObjectVersion = 77;
			productRefGroup = B5A0481F2FC9D5C000C61847 /* Products */;
			projectDirPath = "";
			projectRoot = "";
			targets = (
				B5A0481D2FC9D5C000C61847 /* Snap&Shop */,
				B5A0482C2FC9D5C200C61847 /* Snap&ShopTests */,
				B5A048362FC9D5C200C61847 /* Snap&ShopUITests */,
			);
		};
/* End PBXProject section */

/* Begin PBXResourcesBuildPhase section */
		B5A0481C2FC9D5C000C61847 /* Resources */ = {
			isa = PBXResourcesBuildPhase;
			buildActionMask = 2147483647;
			files = (
			);
			runOnlyForDeploymentPostprocessing = 0;
		};
		B5A0482B2FC9D5C200C61847 /* Resources */ = {
			isa = PBXResourcesBuildPhase;
			buildActionMask = 2147483647;
			files = (
			);
			runOnlyForDeploymentPostprocessing = 0;
		};
		B5A048352FC9D5C200C61847 /* Resources */ = {
			isa = PBXResourcesBuildPhase;
			buildActionMask = 2147483647;
			files = (
			);
			runOnlyForDeploymentPostprocessing = 0;
		};
/* End PBXResourcesBuildPhase section */

/* Begin PBXSourcesBuildPhase section */
		B5A0481A2FC9D5C000C61847 /* Sources */ = {
			isa = PBXSourcesBuildPhase;
			buildActionMask = 2147483647;
			files = (
			);
			runOnlyForDeploymentPostprocessing = 0;
		};
		B5A048292FC9D5C200C61847 /* Sources */ = {
			isa = PBXSourcesBuildPhase;
			buildActionMask = 2147483647;
			files = (
			);
			runOnlyForDeploymentPostprocessing = 0;
		};
		B5A048332FC9D5C200C61847 /* Sources */ = {
			isa = PBXSourcesBuildPhase;
			buildActionMask = 2147483647;
			files = (
			);
			runOnlyForDeploymentPostprocessing = 0;
		};
/* End PBXSourcesBuildPhase section */

/* Begin PBXTargetDependency section */
		B5A0482F2FC9D5C200C61847 /* PBXTargetDependency */ = {
			isa = PBXTargetDependency;
			target = B5A0481D2FC9D5C000C61847 /* Snap&Shop */;
			targetProxy = B5A0482E2FC9D5C200C61847 /* PBXContainerItemProxy */;
		};
		B5A048392FC9D5C200C61847 /* PBXTargetDependency */ = {
			isa = PBXTargetDependency;
			target = B5A0481D2FC9D5C000C61847 /* Snap&Shop */;
			targetProxy = B5A048382FC9D5C200C61847 /* PBXContainerItemProxy */;
		};
/* End PBXTargetDependency section */

/* Begin XCBuildConfiguration section */
		B5A0483F2FC9D5C200C61847 /* Debug */ = {
			isa = XCBuildConfiguration;
			buildSettings = {
				ALWAYS_SEARCH_USER_PATHS = NO;
				ASSETCATALOG_COMPILER_GENERATE_SWIFT_ASSET_SYMBOL_EXTENSIONS = YES;
				CLANG_ANALYZER_NONNULL = YES;
				CLANG_ANALYZER_NUMBER_OBJECT_CONVERSION = YES_AGGRESSIVE;
				CLANG_CXX_LANGUAGE_STANDARD = "gnu++20";
				CLANG_ENABLE_MODULES = YES;
				CLANG_ENABLE_OBJC_ARC = YES;
				CLANG_ENABLE_OBJC_WEAK = YES;
				CLANG_WARN_BLOCK_CAPTURE_AUTORELEASING = YES;
				CLANG_WARN_BOOL_CONVERSION = YES;
				CLANG_WARN_COMMA = YES;
				CLANG_WARN_CONSTANT_CONVERSION = YES;
				CLANG_WARN_DEPRECATED_OBJC_IMPLEMENTATIONS = YES;
				CLANG_WARN_DIRECT_OBJC_ISA_USAGE = YES_ERROR;
				CLANG_WARN_DOCUMENTATION_COMMENTS = YES;
				CLANG_WARN_EMPTY_BODY = YES;
				CLANG_WARN_ENUM_CONVERSION = YES;
				CLANG_WARN_INFINITE_RECURSION = YES;
				CLANG_WARN_INT_CONVERSION = YES;
				CLANG_WARN_NON_LITERAL_NULL_CONVERSION = YES;
				CLANG_WARN_OBJC_IMPLICIT_RETAIN_SELF = YES;
				CLANG_WARN_OBJC_LITERAL_CONVERSION = YES;
				CLANG_WARN_OBJC_ROOT_CLASS = YES_ERROR;
				CLANG_WARN_QUOTED_INCLUDE_IN_FRAMEWORK_HEADER = YES;
				CLANG_WARN_RANGE_LOOP_ANALYSIS = YES;
				CLANG_WARN_STRICT_PROTOTYPES = YES;
				CLANG_WARN_SUSPICIOUS_MOVE = YES;
				CLANG_WARN_UNGUARDED_AVAILABILITY = YES_AGGRESSIVE;
				CLANG_WARN_UNREACHABLE_CODE = YES;
				CLANG_WARN__DUPLICATE_METHOD_MATCH = YES;
				COPY_PHASE_STRIP = NO;
				DEBUG_INFORMATION_FORMAT = dwarf;
				DEVELOPMENT_TEAM = LGHH7X2AJP;
				ENABLE_STRICT_OBJC_MSGSEND = YES;
				ENABLE_TESTABILITY = YES;
				ENABLE_USER_SCRIPT_SANDBOXING = YES;
				GCC_C_LANGUAGE_STANDARD = gnu17;
				GCC_DYNAMIC_NO_PIC = NO;
				GCC_NO_COMMON_BLOCKS = YES;
				GCC_OPTIMIZATION_LEVEL = 0;
				GCC_PREPROCESSOR_DEFINITIONS = (
					"DEBUG=1",
					"$(inherited)",
				);
				GCC_WARN_64_TO_32_BIT_CONVERSION = YES;
				GCC_WARN_ABOUT_RETURN_TYPE = YES_ERROR;
				GCC_WARN_UNDECLARED_SELECTOR = YES;
				GCC_WARN_UNINITIALIZED_AUTOS = YES_AGGRESSIVE;
				GCC_WARN_UNUSED_FUNCTION = YES;
				GCC_WARN_UNUSED_VARIABLE = YES;
				IPHONEOS_DEPLOYMENT_TARGET = 26.5;
				LOCALIZATION_PREFERS_STRING_CATALOGS = YES;
				MTL_ENABLE_DEBUG_INFO = INCLUDE_SOURCE;
				MTL_FAST_MATH = YES;
				ONLY_ACTIVE_ARCH = YES;
				SDKROOT = iphoneos;
				SWIFT_ACTIVE_COMPILATION_CONDITIONS = "DEBUG $(inherited)";
				SWIFT_OPTIMIZATION_LEVEL = "-Onone";
			};
			name = Debug;
		};
		B5A048402FC9D5C200C61847 /* Release */ = {
			isa = XCBuildConfiguration;
			buildSettings = {
				ALWAYS_SEARCH_USER_PATHS = NO;
				ASSETCATALOG_COMPILER_GENERATE_SWIFT_ASSET_SYMBOL_EXTENSIONS = YES;
				CLANG_ANALYZER_NONNULL = YES;
				CLANG_ANALYZER_NUMBER_OBJECT_CONVERSION = YES_AGGRESSIVE;
				CLANG_CXX_LANGUAGE_STANDARD = "gnu++20";
				CLANG_ENABLE_MODULES = YES;
				CLANG_ENABLE_OBJC_ARC = YES;
				CLANG_ENABLE_OBJC_WEAK = YES;
				CLANG_WARN_BLOCK_CAPTURE_AUTORELEASING = YES;
				CLANG_WARN_BOOL_CONVERSION = YES;
				CLANG_WARN_COMMA = YES;
				CLANG_WARN_CONSTANT_CONVERSION = YES;
				CLANG_WARN_DEPRECATED_OBJC_IMPLEMENTATIONS = YES;
				CLANG_WARN_DIRECT_OBJC_ISA_USAGE = YES_ERROR;
				CLANG_WARN_DOCUMENTATION_COMMENTS = YES;
				CLANG_WARN_EMPTY_BODY = YES;
				CLANG_WARN_ENUM_CONVERSION = YES;
				CLANG_WARN_INFINITE_RECURSION = YES;
				CLANG_WARN_INT_CONVERSION = YES;
				CLANG_WARN_NON_LITERAL_NULL_CONVERSION = YES;
				CLANG_WARN_OBJC_IMPLICIT_RETAIN_SELF = YES;
				CLANG_WARN_OBJC_LITERAL_CONVERSION = YES;
				CLANG_WARN_OBJC_ROOT_CLASS = YES_ERROR;
				CLANG_WARN_QUOTED_INCLUDE_IN_FRAMEWORK_HEADER = YES;
				CLANG_WARN_RANGE_LOOP_ANALYSIS = YES;
				CLANG_WARN_STRICT_PROTOTYPES = YES;
				CLANG_WARN_SUSPICIOUS_MOVE = YES;
				CLANG_WARN_UNGUARDED_AVAILABILITY = YES_AGGRESSIVE;
				CLANG_WARN_UNREACHABLE_CODE = YES;
				CLANG_WARN__DUPLICATE_METHOD_MATCH = YES;
				COPY_PHASE_STRIP = NO;
				DEBUG_INFORMATION_FORMAT = "dwarf-with-dsym";
				DEVELOPMENT_TEAM = LGHH7X2AJP;
				ENABLE_NS_ASSERTIONS = NO;
				ENABLE_STRICT_OBJC_MSGSEND = YES;
				ENABLE_USER_SCRIPT_SANDBOXING = YES;
				GCC_C_LANGUAGE_STANDARD = gnu17;
				GCC_NO_COMMON_BLOCKS = YES;
				GCC_WARN_64_TO_32_BIT_CONVERSION = YES;
				GCC_WARN_ABOUT_RETURN_TYPE = YES_ERROR;
				GCC_WARN_UNDECLARED_SELECTOR = YES;
				GCC_WARN_UNINITIALIZED_AUTOS = YES_AGGRESSIVE;
				GCC_WARN_UNUSED_FUNCTION = YES;
				GCC_WARN_UNUSED_VARIABLE = YES;
				IPHONEOS_DEPLOYMENT_TARGET = 26.5;
				LOCALIZATION_PREFERS_STRING_CATALOGS = YES;
				MTL_ENABLE_DEBUG_INFO = NO;
				MTL_FAST_MATH = YES;
				SDKROOT = iphoneos;
				SWIFT_COMPILATION_MODE = wholemodule;
				VALIDATE_PRODUCT = YES;
			};
			name = Release;
		};
		B5A048422FC9D5C200C61847 /* Debug */ = {
			isa = XCBuildConfiguration;
			buildSettings = {
				ASSETCATALOG_COMPILER_APPICON_NAME = AppIcon;
				ASSETCATALOG_COMPILER_GLOBAL_ACCENT_COLOR_NAME = AccentColor;
				CODE_SIGN_STYLE = Automatic;
				CURRENT_PROJECT_VERSION = 1;
				DEVELOPMENT_TEAM = TN2299H44T;
				ENABLE_PREVIEWS = YES;
				GENERATE_INFOPLIST_FILE = YES;
				INFOPLIST_FILE = "Snap-Shop-Info.plist";
				INFOPLIST_KEY_LSApplicationCategoryType = "";
				INFOPLIST_KEY_NSCameraUsageDescription = "Snap & Shop uses the camera to identify products you point it at, so you can compare prices and reviews instantly.";
				INFOPLIST_KEY_NSMicrophoneUsageDescription = "Snap&Shop uses the microphone when recording video in Deep Scan mode and for voice hints to describe what you're looking for.";
				INFOPLIST_KEY_NSSpeechRecognitionUsageDescription = "Snap&Shop transcribes your voice hints on-device to help identify products. For video scans, audio may be sent to a cloud service if on-device recognition is unavailable.";
				INFOPLIST_KEY_UIApplicationSceneManifest_Generation = YES;
				INFOPLIST_KEY_UIApplicationSupportsIndirectInputEvents = YES;
				INFOPLIST_KEY_UILaunchScreen_Generation = YES;
				INFOPLIST_KEY_UISupportedInterfaceOrientations_iPad = "UIInterfaceOrientationPortrait UIInterfaceOrientationPortraitUpsideDown UIInterfaceOrientationLandscapeLeft UIInterfaceOrientationLandscapeRight";
				INFOPLIST_KEY_UISupportedInterfaceOrientations_iPhone = "UIInterfaceOrientationPortrait UIInterfaceOrientationLandscapeLeft UIInterfaceOrientationLandscapeRight";
				IPHONEOS_DEPLOYMENT_TARGET = 18.6;
				LD_RUNPATH_SEARCH_PATHS = (
					"$(inherited)",
					"@executable_path/Frameworks",
				);
				MARKETING_VERSION = 1.0;
				PRODUCT_BUNDLE_IDENTIFIER = com.melakunet.snapshop.demo;
				PRODUCT_NAME = "$(TARGET_NAME)";
				STRING_CATALOG_GENERATE_SYMBOLS = YES;
				SWIFT_APPROACHABLE_CONCURRENCY = YES;
				SWIFT_DEFAULT_ACTOR_ISOLATION = MainActor;
				SWIFT_EMIT_LOC_STRINGS = YES;
				SWIFT_UPCOMING_FEATURE_MEMBER_IMPORT_VISIBILITY = YES;
				SWIFT_VERSION = 5.0;
				TARGETED_DEVICE_FAMILY = "1,2";
			};
			name = Debug;
		};
		B5A048432FC9D5C200C61847 /* Release */ = {
			isa = XCBuildConfiguration;
			buildSettings = {
				ASSETCATALOG_COMPILER_APPICON_NAME = AppIcon;
				ASSETCATALOG_COMPILER_GLOBAL_ACCENT_COLOR_NAME = AccentColor;
				CODE_SIGN_STYLE = Automatic;
				CURRENT_PROJECT_VERSION = 1;
				DEVELOPMENT_TEAM = TN2299H44T;
				ENABLE_PREVIEWS = YES;
				GENERATE_INFOPLIST_FILE = YES;
				INFOPLIST_FILE = "Snap-Shop-Info.plist";
				INFOPLIST_KEY_LSApplicationCategoryType = "";
				INFOPLIST_KEY_NSCameraUsageDescription = "Snap & Shop uses the camera to identify products you point it at, so you can compare prices and reviews instantly.";
				INFOPLIST_KEY_NSMicrophoneUsageDescription = "Snap&Shop uses the microphone when recording video in Deep Scan mode and for voice hints to describe what you're looking for.";
				INFOPLIST_KEY_NSSpeechRecognitionUsageDescription = "Snap&Shop transcribes your voice hints on-device to help identify products. For video scans, audio may be sent to a cloud service if on-device recognition is unavailable.";
				INFOPLIST_KEY_UIApplicationSceneManifest_Generation = YES;
				INFOPLIST_KEY_UIApplicationSupportsIndirectInputEvents = YES;
				INFOPLIST_KEY_UILaunchScreen_Generation = YES;
				INFOPLIST_KEY_UISupportedInterfaceOrientations_iPad = "UIInterfaceOrientationPortrait UIInterfaceOrientationPortraitUpsideDown UIInterfaceOrientationLandscapeLeft UIInterfaceOrientationLandscapeRight";
				INFOPLIST_KEY_UISupportedInterfaceOrientations_iPhone = "UIInterfaceOrientationPortrait UIInterfaceOrientationLandscapeLeft UIInterfaceOrientationLandscapeRight";
				IPHONEOS_DEPLOYMENT_TARGET = 18.6;
				LD_RUNPATH_SEARCH_PATHS = (
					"$(inherited)",
					"@executable_path/Frameworks",
				);
				MARKETING_VERSION = 1.0;
				PRODUCT_BUNDLE_IDENTIFIER = com.melakunet.snapshop.demo;
				PRODUCT_NAME = "$(TARGET_NAME)";
				STRING_CATALOG_GENERATE_SYMBOLS = YES;
				SWIFT_APPROACHABLE_CONCURRENCY = YES;
				SWIFT_DEFAULT_ACTOR_ISOLATION = MainActor;
				SWIFT_EMIT_LOC_STRINGS = YES;
				SWIFT_UPCOMING_FEATURE_MEMBER_IMPORT_VISIBILITY = YES;
				SWIFT_VERSION = 5.0;
				TARGETED_DEVICE_FAMILY = "1,2";
			};
			name = Release;
		};
		B5A048452FC9D5C200C61847 /* Debug */ = {
			isa = XCBuildConfiguration;
			buildSettings = {
				BUNDLE_LOADER = "$(TEST_HOST)";
				CODE_SIGN_STYLE = Automatic;
				CURRENT_PROJECT_VERSION = 1;
				DEVELOPMENT_TEAM = LGHH7X2AJP;
				GENERATE_INFOPLIST_FILE = YES;
				IPHONEOS_DEPLOYMENT_TARGET = 26.5;
				MARKETING_VERSION = 1.0;
				PRODUCT_BUNDLE_IDENTIFIER = "Melakunet.Snap-ShopTests";
				PRODUCT_NAME = "$(TARGET_NAME)";
				STRING_CATALOG_GENERATE_SYMBOLS = NO;
				SWIFT_APPROACHABLE_CONCURRENCY = YES;
				SWIFT_EMIT_LOC_STRINGS = NO;
				SWIFT_UPCOMING_FEATURE_MEMBER_IMPORT_VISIBILITY = YES;
				SWIFT_VERSION = 5.0;
				TARGETED_DEVICE_FAMILY = "1,2";
				TEST_HOST = "$(BUILT_PRODUCTS_DIR)/Snap&Shop.app/$(BUNDLE_EXECUTABLE_FOLDER_PATH)/Snap&Shop";
			};
			name = Debug;
		};
		B5A048462FC9D5C200C61847 /* Release */ = {
			isa = XCBuildConfiguration;
			buildSettings = {
				BUNDLE_LOADER = "$(TEST_HOST)";
				CODE_SIGN_STYLE = Automatic;
				CURRENT_PROJECT_VERSION = 1;
				DEVELOPMENT_TEAM = LGHH7X2AJP;
				GENERATE_INFOPLIST_FILE = YES;
				IPHONEOS_DEPLOYMENT_TARGET = 26.5;
				MARKETING_VERSION = 1.0;
				PRODUCT_BUNDLE_IDENTIFIER = "Melakunet.Snap-ShopTests";
				PRODUCT_NAME = "$(TARGET_NAME)";
				STRING_CATALOG_GENERATE_SYMBOLS = NO;
				SWIFT_APPROACHABLE_CONCURRENCY = YES;
				SWIFT_EMIT_LOC_STRINGS = NO;
				SWIFT_UPCOMING_FEATURE_MEMBER_IMPORT_VISIBILITY = YES;
				SWIFT_VERSION = 5.0;
				TARGETED_DEVICE_FAMILY = "1,2";
				TEST_HOST = "$(BUILT_PRODUCTS_DIR)/Snap&Shop.app/$(BUNDLE_EXECUTABLE_FOLDER_PATH)/Snap&Shop";
			};
			name = Release;
		};
		B5A048482FC9D5C200C61847 /* Debug */ = {
			isa = XCBuildConfiguration;
			buildSettings = {
				CODE_SIGN_STYLE = Automatic;
				CURRENT_PROJECT_VERSION = 1;
				DEVELOPMENT_TEAM = LGHH7X2AJP;
				GENERATE_INFOPLIST_FILE = YES;
				MARKETING_VERSION = 1.0;
				PRODUCT_BUNDLE_IDENTIFIER = "Melakunet.Snap-ShopUITests";
				PRODUCT_NAME = "$(TARGET_NAME)";
				STRING_CATALOG_GENERATE_SYMBOLS = NO;
				SWIFT_APPROACHABLE_CONCURRENCY = YES;
				SWIFT_EMIT_LOC_STRINGS = NO;
				SWIFT_UPCOMING_FEATURE_MEMBER_IMPORT_VISIBILITY = YES;
				SWIFT_VERSION = 5.0;
				TARGETED_DEVICE_FAMILY = "1,2";
				TEST_TARGET_NAME = "Snap&Shop";
			};
			name = Debug;
		};
		B5A048492FC9D5C200C61847 /* Release */ = {
			isa = XCBuildConfiguration;
			buildSettings = {
				CODE_SIGN_STYLE = Automatic;
				CURRENT_PROJECT_VERSION = 1;
				DEVELOPMENT_TEAM = LGHH7X2AJP;
				GENERATE_INFOPLIST_FILE = YES;
				MARKETING_VERSION = 1.0;
				PRODUCT_BUNDLE_IDENTIFIER = "Melakunet.Snap-ShopUITests";
				PRODUCT_NAME = "$(TARGET_NAME)";
				STRING_CATALOG_GENERATE_SYMBOLS = NO;
				SWIFT_APPROACHABLE_CONCURRENCY = YES;
				SWIFT_EMIT_LOC_STRINGS = NO;
				SWIFT_UPCOMING_FEATURE_MEMBER_IMPORT_VISIBILITY = YES;
				SWIFT_VERSION = 5.0;
				TARGETED_DEVICE_FAMILY = "1,2";
				TEST_TARGET_NAME = "Snap&Shop";
			};
			name = Release;
		};
/* End XCBuildConfiguration section */

/* Begin XCConfigurationList section */
		B5A048192FC9D5C000C61847 /* Build configuration list for PBXProject "Snap&Shop" */ = {
			isa = XCConfigurationList;
			buildConfigurations = (
				B5A0483F2FC9D5C200C61847 /* Debug */,
				B5A048402FC9D5C200C61847 /* Release */,
			);
			defaultConfigurationIsVisible = 0;
			defaultConfigurationName = Release;
		};
		B5A048412FC9D5C200C61847 /* Build configuration list for PBXNativeTarget "Snap&Shop" */ = {
			isa = XCConfigurationList;
			buildConfigurations = (
				B5A048422FC9D5C200C61847 /* Debug */,
				B5A048432FC9D5C200C61847 /* Release */,
			);
			defaultConfigurationIsVisible = 0;
			defaultConfigurationName = Release;
		};
		B5A048442FC9D5C200C61847 /* Build configuration list for PBXNativeTarget "Snap&ShopTests" */ = {
			isa = XCConfigurationList;
			buildConfigurations = (
				B5A048452FC9D5C200C61847 /* Debug */,
				B5A048462FC9D5C200C61847 /* Release */,
			);
			defaultConfigurationIsVisible = 0;
			defaultConfigurationName = Release;
		};
		B5A048472FC9D5C200C61847 /* Build configuration list for PBXNativeTarget "Snap&ShopUITests" */ = {
			isa = XCConfigurationList;
			buildConfigurations = (
				B5A048482FC9D5C200C61847 /* Debug */,
				B5A048492FC9D5C200C61847 /* Release */,
			);
			defaultConfigurationIsVisible = 0;
			defaultConfigurationName = Release;
		};
/* End XCConfigurationList section */
	};
	rootObject = B5A048162FC9D5C000C61847 /* Project object */;
}
